
Microsoft Visual Studio Solution File, Format Version 12.00
# Visual Studio Version 16
VisualStudioVersion = 16.0.30503.244
MinimumVisualStudioVersion = 10.0.40219.1
Project("{FAE04EC0-301F-11D3-BF4B-00C04F79EFBC}") = "Ex03.DesktopGUI", "DesktopGUI\Ex03.DesktopGUI.csproj", "{DE103C3B-DA92-4BAC-A713-BA8EF5016EFA}"
EndProject
Project("{FAE04EC0-301F-11D3-BF4B-00C04F79EFBC}") = "Ex03.Logic", "Logic\Ex03.Logic.csproj", "{2F9575AB-BD71-4202-B6D4-748CD09C8977}"
EndProject
Project("{2150E333-8FDC-42A3-9474-1A3956D46DE8}") = "Solution Items", "Solution Items", "{2A73A59F-5726-4D34-8E9A-A9C5A3E99BF0}"
	ProjectSection(SolutionItems) = preProject
		A21 Ex03 Bar 313175176.docx = A21 Ex03 Bar 313175176.docx
		Ex03 Checking Report.txt = Ex03 Checking Report.txt
	EndProjectSection
EndProject
Global
	GlobalSection(SolutionConfigurationPlatforms) = preSolution
		Debug|Any CPU = Debug|Any CPU
		Release|Any CPU = Release|Any CPU
	EndGlobalSection
	GlobalSection(ProjectConfigurationPlatforms) = postSolution
		{DE103C3B-DA92-4BAC-A713-BA8EF5016EFA}.Debug|Any CPU.ActiveCfg = Debug|Any CPU
		{DE103C3B-DA92-4BAC-A713-BA8EF5016EFA}.Debug|Any CPU.Build.0 = Debug|Any CPU
		{DE103C3B-DA92-4BAC-A713-BA8EF5016EFA}.Release|Any CPU.ActiveCfg = Release|Any CPU
		{DE103C3B-DA92-4BAC-A713-BA8EF5016EFA}.Release|Any CPU.Build.0 = Release|Any CPU
		{2F9575AB-BD71-4202-B6D4-748CD09C8977}.Debug|Any CPU.ActiveCfg = Debug|Any CPU
		{2F9575AB-BD71-4202-B6D4-748CD09C8977}.Debug|Any CPU.Build.0 = Debug|Any CPU
		{2F9575AB-BD71-4202-B6D4-748CD09C8977}.Release|Any CPU.ActiveCfg = Release|Any CPU
		{2F9575AB-BD71-4202-B6D4-748CD09C8977}.Release|Any CPU.Build.0 = Release|Any CPU
	EndGlobalSection
	GlobalSection(SolutionProperties) = preSolution
		HideSolutionNode = FALSE
	EndGlobalSection
	GlobalSection(ExtensibilityGlobals) = postSolution
		SolutionGuid = {1C78DCF6-C69B-4EEC-BAFF-9CCBEDADF71B}
	EndGlobalSection
EndGlobal
